
Microsoft Visual Studio Solution File, Format Version 12.00
# Visual Studio Version 17
VisualStudioVersion = 17.8.34330.188
MinimumVisualStudioVersion = 10.0.40219.1
Project("{9A19103F-16F7-4668-BE54-9A1E7A4F7556}") = "ApiGateway", "ApiGateway\ApiGateway.csproj", "{96FA7CB0-E33E-4D0E-A3C1-9ABBDB76B9EB}"
EndProject
Project("{9A19103F-16F7-4668-BE54-9A1E7A4F7556}") = "Service1", "Services\Service1\Service1.csproj", "{6F237FBC-3BD3-4194-9111-931D794C2793}"
EndProject
Project("{9A19103F-16F7-4668-BE54-9A1E7A4F7556}") = "service2", "Services\service2\service2.csproj", "{48E39139-1B9A-42DA-81DD-6542B945FA8A}"
EndProject
Project("{2150E333-8FDC-42A3-9474-1A3956D46DE8}") = "src", "src", "{6871EE0F-28E4-4E07-B32D-A900B3D3BEBC}"
EndProject
Project("{2150E333-8FDC-42A3-9474-1A3956D46DE8}") = "Services", "Services", "{CA068623-41A9-4ECA-861C-A71DC4EBB043}"
EndProject
Global
	GlobalSection(SolutionConfigurationPlatforms) = preSolution
		Debug|Any CPU = Debug|Any CPU
		Release|Any CPU = Release|Any CPU
	EndGlobalSection
	GlobalSection(ProjectConfigurationPlatforms) = postSolution
		{96FA7CB0-E33E-4D0E-A3C1-9ABBDB76B9EB}.Debug|Any CPU.ActiveCfg = Debug|Any CPU
		{96FA7CB0-E33E-4D0E-A3C1-9ABBDB76B9EB}.Debug|Any CPU.Build.0 = Debug|Any CPU
		{96FA7CB0-E33E-4D0E-A3C1-9ABBDB76B9EB}.Release|Any CPU.ActiveCfg = Release|Any CPU
		{96FA7CB0-E33E-4D0E-A3C1-9ABBDB76B9EB}.Release|Any CPU.Build.0 = Release|Any CPU
		{6F237FBC-3BD3-4194-9111-931D794C2793}.Debug|Any CPU.ActiveCfg = Debug|Any CPU
		{6F237FBC-3BD3-4194-9111-931D794C2793}.Debug|Any CPU.Build.0 = Debug|Any CPU
		{6F237FBC-3BD3-4194-9111-931D794C2793}.Release|Any CPU.ActiveCfg = Release|Any CPU
		{6F237FBC-3BD3-4194-9111-931D794C2793}.Release|Any CPU.Build.0 = Release|Any CPU
		{48E39139-1B9A-42DA-81DD-6542B945FA8A}.Debug|Any CPU.ActiveCfg = Debug|Any CPU
		{48E39139-1B9A-42DA-81DD-6542B945FA8A}.Debug|Any CPU.Build.0 = Debug|Any CPU
		{48E39139-1B9A-42DA-81DD-6542B945FA8A}.Release|Any CPU.ActiveCfg = Release|Any CPU
		{48E39139-1B9A-42DA-81DD-6542B945FA8A}.Release|Any CPU.Build.0 = Release|Any CPU
	EndGlobalSection
	GlobalSection(SolutionProperties) = preSolution
		HideSolutionNode = FALSE
	EndGlobalSection
	GlobalSection(NestedProjects) = preSolution
		{96FA7CB0-E33E-4D0E-A3C1-9ABBDB76B9EB} = {6871EE0F-28E4-4E07-B32D-A900B3D3BEBC}
		{6F237FBC-3BD3-4194-9111-931D794C2793} = {CA068623-41A9-4ECA-861C-A71DC4EBB043}
		{48E39139-1B9A-42DA-81DD-6542B945FA8A} = {CA068623-41A9-4ECA-861C-A71DC4EBB043}
		{CA068623-41A9-4ECA-861C-A71DC4EBB043} = {6871EE0F-28E4-4E07-B32D-A900B3D3BEBC}
	EndGlobalSection
	GlobalSection(ExtensibilityGlobals) = postSolution
		SolutionGuid = {C409CE90-367B-4FDB-8351-49605035CFED}
	EndGlobalSection
EndGlobal
