
Microsoft Visual Studio Solution File, Format Version 12.00
# Visual Studio Version 17
VisualStudioVersion = 17.8.34330.188
MinimumVisualStudioVersion = 10.0.40219.1
Project("{FAE04EC0-301F-11D3-BF4B-00C04F79EFBC}") = "ApiGateway", "ApiGateway.csproj", "{BEB7496C-A7A7-477E-A0AD-330E4211E46E}"
EndProject
Project("{FAE04EC0-301F-11D3-BF4B-00C04F79EFBC}") = "Service1", "..\Service1\Service1.csproj", "{06A4FE05-72B4-4B6D-BCDA-89EFDD701D26}"
EndProject
Project("{FAE04EC0-301F-11D3-BF4B-00C04F79EFBC}") = "service2", "..\service2\service2.csproj", "{FB0BC078-3F01-4E2B-A730-4554252A0DF5}"
EndProject
Global
	GlobalSection(SolutionConfigurationPlatforms) = preSolution
		Debug|Any CPU = Debug|Any CPU
		Release|Any CPU = Release|Any CPU
	EndGlobalSection
	GlobalSection(ProjectConfigurationPlatforms) = postSolution
		{BEB7496C-A7A7-477E-A0AD-330E4211E46E}.Debug|Any CPU.ActiveCfg = Debug|Any CPU
		{BEB7496C-A7A7-477E-A0AD-330E4211E46E}.Debug|Any CPU.Build.0 = Debug|Any CPU
		{BEB7496C-A7A7-477E-A0AD-330E4211E46E}.Release|Any CPU.ActiveCfg = Release|Any CPU
		{BEB7496C-A7A7-477E-A0AD-330E4211E46E}.Release|Any CPU.Build.0 = Release|Any CPU
		{06A4FE05-72B4-4B6D-BCDA-89EFDD701D26}.Debug|Any CPU.ActiveCfg = Debug|Any CPU
		{06A4FE05-72B4-4B6D-BCDA-89EFDD701D26}.Debug|Any CPU.Build.0 = Debug|Any CPU
		{06A4FE05-72B4-4B6D-BCDA-89EFDD701D26}.Release|Any CPU.ActiveCfg = Release|Any CPU
		{06A4FE05-72B4-4B6D-BCDA-89EFDD701D26}.Release|Any CPU.Build.0 = Release|Any CPU
		{FB0BC078-3F01-4E2B-A730-4554252A0DF5}.Debug|Any CPU.ActiveCfg = Debug|Any CPU
		{FB0BC078-3F01-4E2B-A730-4554252A0DF5}.Debug|Any CPU.Build.0 = Debug|Any CPU
		{FB0BC078-3F01-4E2B-A730-4554252A0DF5}.Release|Any CPU.ActiveCfg = Release|Any CPU
		{FB0BC078-3F01-4E2B-A730-4554252A0DF5}.Release|Any CPU.Build.0 = Release|Any CPU
	EndGlobalSection
	GlobalSection(SolutionProperties) = preSolution
		HideSolutionNode = FALSE
	EndGlobalSection
	GlobalSection(ExtensibilityGlobals) = postSolution
		SolutionGuid = {C409CE90-367B-4FDB-8351-49605035CFED}
	EndGlobalSection
EndGlobal
